PODS:
  - iOSSnapshotTestCase (5.0.2):
    - iOSSnapshotTestCase/SwiftSupport (= 5.0.2)
  - iOSSnapshotTestCase/Core (5.0.2)
  - iOSSnapshotTestCase/SwiftSupport (5.0.2):
    - iOSSnapshotTestCase/Core
  - Kingfisher (4.10.1)
  - Nimble (7.3.4)
  - Nimble-Snapshots (6.9.1):
    - Nimble-Snapshots/Core (= 6.9.1)
  - Nimble-Snapshots/Core (6.9.1):
    - iOSSnapshotTestCase (~> 5.0)
    - Nimble (~> 7.0)
  - Quick (2.1.0)
  - R.swift (5.0.3):
    - R.swift.Library (~> 5.0.0)
  - R.swift.Library (5.0.1)
  - Reusable (4.1.0):
    - Reusable/Storyboard (= 4.1.0)
    - Reusable/View (= 4.1.0)
  - Reusable/Storyboard (4.1.0)
  - Reusable/View (4.1.0)
  - SnapKit (4.2.0)
  - SwiftIconFont (3.0.0)

DEPENDENCIES:
  - Kingfisher
  - Nimble
  - Nimble-Snapshots
  - Quick
  - R.swift
  - Reusable
  - SnapKit
  - SwiftIconFont

SPEC REPOS:
  https://github.com/cocoapods/specs.git:
    - iOSSnapshotTestCase
    - Kingfisher
    - Nimble
    - Nimble-Snapshots
    - Quick
    - R.swift
    - R.swift.Library
    - Reusable
    - SnapKit
    - SwiftIconFont

SPEC CHECKSUMS:
  iOSSnapshotTestCase: 2d51aa06775e95cecb0a1fb9c5c159ccd1dd4596
  Kingfisher: c148cd7b47ebde9989f6bc7c27dcaa79d81279a0
  Nimble: 051e3d8912d40138fa5591c78594f95fb172af37
  Nimble-Snapshots: bbd1ab264bacc24a9ce24a8363bc05aac783aeb0
  Quick: 4be43f6634acfa727dd106bdf3929ce125ffa79d
  R.swift: f5a87643b91ea569d23d6afb3eee9c743edde239
  R.swift.Library: cfe85d569d9bae6cb262922db130e7c3a7a5fad1
  Reusable: 82be188f29d96dc5eff0db7b2393bcc08d2cdd5b
  SnapKit: fe8a619752f3f27075cc9a90244d75c6c3f27e2a
  SwiftIconFont: 2ba18554a77c44948dc35b561b344e3c23834a84

PODFILE CHECKSUM: e9f9e88ee0529b5b3ca09fc547744206389f0a29

COCOAPODS: 1.7.1
